
Microsoft Visual Studio Solution File, Format Version 12.00
# Visual Studio Version 17
VisualStudioVersion = 17.7.34031.279
MinimumVisualStudioVersion = 10.0.40219.1
Project("{FAE04EC0-301F-11D3-BF4B-00C04F79EFBC}") = "ShardNET.SpendingTracker", "ShardNET.SpendingTracker\ShardNET.SpendingTracker.csproj", "{E693DC71-C4D7-4CDE-A592-423F12C7AAEB}"
EndProject
Global
	GlobalSection(SolutionConfigurationPlatforms) = preSolution
		Debug|Any CPU = Debug|Any CPU
		Release|Any CPU = Release|Any CPU
	EndGlobalSection
	GlobalSection(ProjectConfigurationPlatforms) = postSolution
		{E693DC71-C4D7-4CDE-A592-423F12C7AAEB}.Debug|Any CPU.ActiveCfg = Debug|Any CPU
		{E693DC71-C4D7-4CDE-A592-423F12C7AAEB}.Debug|Any CPU.Build.0 = Debug|Any CPU
		{E693DC71-C4D7-4CDE-A592-423F12C7AAEB}.Debug|Any CPU.Deploy.0 = Debug|Any CPU
		{E693DC71-C4D7-4CDE-A592-423F12C7AAEB}.Release|Any CPU.ActiveCfg = Release|Any CPU
		{E693DC71-C4D7-4CDE-A592-423F12C7AAEB}.Release|Any CPU.Build.0 = Release|Any CPU
		{E693DC71-C4D7-4CDE-A592-423F12C7AAEB}.Release|Any CPU.Deploy.0 = Release|Any CPU
	EndGlobalSection
	GlobalSection(SolutionProperties) = preSolution
		HideSolutionNode = FALSE
	EndGlobalSection
	GlobalSection(ExtensibilityGlobals) = postSolution
		SolutionGuid = {A64411F3-AC36-496E-8781-8DB7D8C01609}
	EndGlobalSection
EndGlobal
